
Microsoft Visual Studio Solution File, Format Version 12.00
# Visual Studio Version 17
VisualStudioVersion = 17.13.35931.197 d17.13
MinimumVisualStudioVersion = 10.0.40219.1
Project("{FAE04EC0-301F-11D3-BF4B-00C04F79EFBC}") = "DaysGone", "DaysGone\DaysGone.csproj", "{367A54BA-0B35-4044-AF5B-52BB426FC933}"
EndProject
Project("{2150E333-8FDC-42A3-9474-1A3956D46DE8}") = "Projektmappenelemente", "Projektmappenelemente", "{84D27F74-D2BA-6C25-2661-968F101900D9}"
	ProjectSection(SolutionItems) = preProject
		.gitattributes = .gitattributes
		.gitignore = .gitignore
		LICENSE.md = LICENSE.md
		README.md = README.md
	EndProjectSection
EndProject
Project("{2150E333-8FDC-42A3-9474-1A3956D46DE8}") = ".github", ".github", "{02EA681E-C7D8-13C7-8484-4AC65E1B71E8}"
EndProject
Project("{2150E333-8FDC-42A3-9474-1A3956D46DE8}") = "workflows", "workflows", "{DF0E8122-C9AC-4375-B535-E65EA8DD5031}"
	ProjectSection(SolutionItems) = preProject
		.github\workflows\default.yml = .github\workflows\default.yml
	EndProjectSection
EndProject
Global
	GlobalSection(SolutionConfigurationPlatforms) = preSolution
		Debug|Any CPU = Debug|Any CPU
		Release|Any CPU = Release|Any CPU
	EndGlobalSection
	GlobalSection(ProjectConfigurationPlatforms) = postSolution
		{367A54BA-0B35-4044-AF5B-52BB426FC933}.Debug|Any CPU.ActiveCfg = Debug|Any CPU
		{367A54BA-0B35-4044-AF5B-52BB426FC933}.Debug|Any CPU.Build.0 = Debug|Any CPU
		{367A54BA-0B35-4044-AF5B-52BB426FC933}.Release|Any CPU.ActiveCfg = Release|Any CPU
		{367A54BA-0B35-4044-AF5B-52BB426FC933}.Release|Any CPU.Build.0 = Release|Any CPU
	EndGlobalSection
	GlobalSection(SolutionProperties) = preSolution
		HideSolutionNode = FALSE
	EndGlobalSection
	GlobalSection(NestedProjects) = preSolution
		{DF0E8122-C9AC-4375-B535-E65EA8DD5031} = {02EA681E-C7D8-13C7-8484-4AC65E1B71E8}
	EndGlobalSection
	GlobalSection(ExtensibilityGlobals) = postSolution
		SolutionGuid = {78D6669F-8E7F-4C57-B300-FB0E683A6CE9}
	EndGlobalSection
EndGlobal
